
Microsoft Visual Studio Solution File, Format Version 12.00
# Visual Studio 2012
Project("{FAE04EC0-301F-11D3-BF4B-00C04F79EFBC}") = "Rw.AdeSystem.Core", "Rw.AdeSystem.Core\Rw.AdeSystem.Core.csproj", "{760E6DD4-449E-4E83-A2EB-D35203FBF093}"
EndProject
Project("{FAE04EC0-301F-11D3-BF4B-00C04F79EFBC}") = "Rw.AdeSystem.Gui", "Rw.AdeSystem.Gui\Rw.AdeSystem.Gui.csproj", "{4C9DAA2F-02DB-4420-BF03-51AC47C5A90D}"
EndProject
Project("{FAE04EC0-301F-11D3-BF4B-00C04F79EFBC}") = "Rw.AdeSystem.Tests", "Rw.AdeSystem.Tests\Rw.AdeSystem.Tests.csproj", "{CCB79A7C-D19E-42F9-A630-3A88E7DB751E}"
EndProject
Global
	GlobalSection(SolutionConfigurationPlatforms) = preSolution
		Debug|Any CPU = Debug|Any CPU
		Release|Any CPU = Release|Any CPU
	EndGlobalSection
	GlobalSection(ProjectConfigurationPlatforms) = postSolution
		{760E6DD4-449E-4E83-A2EB-D35203FBF093}.Debug|Any CPU.ActiveCfg = Debug|Any CPU
		{760E6DD4-449E-4E83-A2EB-D35203FBF093}.Debug|Any CPU.Build.0 = Debug|Any CPU
		{760E6DD4-449E-4E83-A2EB-D35203FBF093}.Release|Any CPU.ActiveCfg = Release|Any CPU
		{760E6DD4-449E-4E83-A2EB-D35203FBF093}.Release|Any CPU.Build.0 = Release|Any CPU
		{4C9DAA2F-02DB-4420-BF03-51AC47C5A90D}.Debug|Any CPU.ActiveCfg = Debug|Any CPU
		{4C9DAA2F-02DB-4420-BF03-51AC47C5A90D}.Debug|Any CPU.Build.0 = Debug|Any CPU
		{4C9DAA2F-02DB-4420-BF03-51AC47C5A90D}.Release|Any CPU.ActiveCfg = Release|Any CPU
		{4C9DAA2F-02DB-4420-BF03-51AC47C5A90D}.Release|Any CPU.Build.0 = Release|Any CPU
		{CCB79A7C-D19E-42F9-A630-3A88E7DB751E}.Debug|Any CPU.ActiveCfg = Debug|Any CPU
		{CCB79A7C-D19E-42F9-A630-3A88E7DB751E}.Debug|Any CPU.Build.0 = Debug|Any CPU
		{CCB79A7C-D19E-42F9-A630-3A88E7DB751E}.Release|Any CPU.ActiveCfg = Release|Any CPU
		{CCB79A7C-D19E-42F9-A630-3A88E7DB751E}.Release|Any CPU.Build.0 = Release|Any CPU
	EndGlobalSection
	GlobalSection(SolutionProperties) = preSolution
		HideSolutionNode = FALSE
	EndGlobalSection
	GlobalSection(CodealikeProperties) = postSolution
		SolutionGuid = afa5ad51-272c-44a4-be7f-1160d621b827
	EndGlobalSection
EndGlobal
